
Microsoft Visual Studio Solution File, Format Version 12.00
# Visual Studio Version 17
VisualStudioVersion = 17.10.34928.147
MinimumVisualStudioVersion = 10.0.40219.1
Project("{FAE04EC0-301F-11D3-BF4B-00C04F79EFBC}") = "Gamer_installer", "Gamer_installer\Gamer_installer.csproj", "{B980D4AB-22F7-4FE0-A9ED-0A00080050FE}"
EndProject
Global
	GlobalSection(SolutionConfigurationPlatforms) = preSolution
		Debug|Any CPU = Debug|Any CPU
		Release|Any CPU = Release|Any CPU
	EndGlobalSection
	GlobalSection(ProjectConfigurationPlatforms) = postSolution
		{B980D4AB-22F7-4FE0-A9ED-0A00080050FE}.Debug|Any CPU.ActiveCfg = Debug|Any CPU
		{B980D4AB-22F7-4FE0-A9ED-0A00080050FE}.Debug|Any CPU.Build.0 = Debug|Any CPU
		{B980D4AB-22F7-4FE0-A9ED-0A00080050FE}.Release|Any CPU.ActiveCfg = Release|Any CPU
		{B980D4AB-22F7-4FE0-A9ED-0A00080050FE}.Release|Any CPU.Build.0 = Release|Any CPU
	EndGlobalSection
	GlobalSection(SolutionProperties) = preSolution
		HideSolutionNode = FALSE
	EndGlobalSection
	GlobalSection(ExtensibilityGlobals) = postSolution
		SolutionGuid = {2305AE67-8FE2-4CD7-969E-36F5F6327661}
	EndGlobalSection
EndGlobal
